
Microsoft Visual Studio Solution File, Format Version 12.00
# Visual Studio Version 17
VisualStudioVersion = 17.1.32407.343
MinimumVisualStudioVersion = 10.0.40219.1
Project("{FAE04EC0-301F-11D3-BF4B-00C04F79EFBC}") = "ConsoleDB", "ConsoleDB\ConsoleDB.csproj", "{35404C39-94B7-49B3-9F16-AC295C5FE86C}"
EndProject
Global
	GlobalSection(SolutionConfigurationPlatforms) = preSolution
		Debug|Any CPU = Debug|Any CPU
		Release|Any CPU = Release|Any CPU
	EndGlobalSection
	GlobalSection(ProjectConfigurationPlatforms) = postSolution
		{35404C39-94B7-49B3-9F16-AC295C5FE86C}.Debug|Any CPU.ActiveCfg = Debug|Any CPU
		{35404C39-94B7-49B3-9F16-AC295C5FE86C}.Debug|Any CPU.Build.0 = Debug|Any CPU
		{35404C39-94B7-49B3-9F16-AC295C5FE86C}.Release|Any CPU.ActiveCfg = Release|Any CPU
		{35404C39-94B7-49B3-9F16-AC295C5FE86C}.Release|Any CPU.Build.0 = Release|Any CPU
	EndGlobalSection
	GlobalSection(SolutionProperties) = preSolution
		HideSolutionNode = FALSE
	EndGlobalSection
	GlobalSection(ExtensibilityGlobals) = postSolution
		SolutionGuid = {CED6A9F0-FBEF-4A04-BA1B-4CD6922BAF10}
	EndGlobalSection
EndGlobal
